
Microsoft Visual Studio Solution File, Format Version 12.00
# Visual Studio Version 16
VisualStudioVersion = 16.0.31424.327
MinimumVisualStudioVersion = 10.0.40219.1
Project("{FAE04EC0-301F-11D3-BF4B-00C04F79EFBC}") = "be_grp_QuikTrippin", "be_grp_QuikTrippin\be_grp_QuikTrippin.csproj", "{BAD13F1B-F48D-420C-A8F7-86A09900631B}"
EndProject
Global
	GlobalSection(SolutionConfigurationPlatforms) = preSolution
		Debug|Any CPU = Debug|Any CPU
		Release|Any CPU = Release|Any CPU
	EndGlobalSection
	GlobalSection(ProjectConfigurationPlatforms) = postSolution
		{BAD13F1B-F48D-420C-A8F7-86A09900631B}.Debug|Any CPU.ActiveCfg = Debug|Any CPU
		{BAD13F1B-F48D-420C-A8F7-86A09900631B}.Debug|Any CPU.Build.0 = Debug|Any CPU
		{BAD13F1B-F48D-420C-A8F7-86A09900631B}.Release|Any CPU.ActiveCfg = Release|Any CPU
		{BAD13F1B-F48D-420C-A8F7-86A09900631B}.Release|Any CPU.Build.0 = Release|Any CPU
	EndGlobalSection
	GlobalSection(SolutionProperties) = preSolution
		HideSolutionNode = FALSE
	EndGlobalSection
	GlobalSection(ExtensibilityGlobals) = postSolution
		SolutionGuid = {C9B8F515-B414-4F09-A222-DC0C6E6F69C8}
	EndGlobalSection
EndGlobal
